{
  "version": "5",
  "specifiers": {
    "jsr:@hazae41/phobos@*": "2.0.0",
    "npm:@hazae41/phobos@*": "1.0.10"
  },
  "jsr": {
    "@hazae41/phobos@2.0.0": {
      "integrity": "ee7a838cc84ce85b5004236cfd487524765fca9bf7ab4f0332074faecdddfa43"
    }
  },
  "npm": {
    "@hazae41/phobos@1.0.10": {
      "integrity": "sha512-ZCZx2YXnRAmMxQhBSg1/GW3wll8UVXGJm8ADWaGk9sJRnXE0zISAHz1mRZIHXHAq+MUBOQF7d6AeCAckc2xYlQ=="
    }
  }
}
