{
  "name": "@hazae41/result-and-option",
  "version": "2.0.5",
  "lockfileVersion": 3,
  "requires": true,
  "packages": {
    "": {
      "name": "@hazae41/result-and-option",
      "version": "2.0.5",
      "devDependencies": {
        "@hazae41/tscousin": "^1.0.11",
        "typescript": "^5.9.2"
      }
    },
    "node_modules/@hazae41/tscousin": {
      "version": "1.0.11",
      "resolved": "https://registry.npmjs.org/@hazae41/tscousin/-/tscousin-1.0.11.tgz",
      "integrity": "sha512-yctcHsNlZLg2i0SHolI+gWanTNUgpVSYaTZf1gHuGlR4xkDHrzbHra2jgJL61tj4GYVYp8HVwugTy7T1/TcCDQ==",
      "dev": true,
      "bin": {
        "tscousin": "out/bin.js"
      }
    },
    "node_modules/typescript": {
      "version": "5.9.2",
      "resolved": "https://registry.npmjs.org/typescript/-/typescript-5.9.2.tgz",
      "integrity": "sha512-CWBzXQrc/qOkhidw1OzBTQuYRbfyxDXJMVJ1XNwUHGROVmuaeiEm3OslpZ1RV96d7SKKjZKrSJu3+t/xlw3R9A==",
      "dev": true,
      "license": "Apache-2.0",
      "bin": {
        "tsc": "bin/tsc",
        "tsserver": "bin/tsserver"
      },
      "engines": {
        "node": ">=14.17"
      }
    }
  }
}
